
Microsoft Visual Studio Solution File, Format Version 12.00
# Visual Studio Version 17
VisualStudioVersion = 17.7.34031.279
MinimumVisualStudioVersion = 10.0.40219.1
Project("{FAE04EC0-301F-11D3-BF4B-00C04F79EFBC}") = "AutokOOP", "AutokOOP.csproj", "{57B1E165-3D47-45FE-9822-9EA92CE81B5D}"
EndProject
Global
	GlobalSection(SolutionConfigurationPlatforms) = preSolution
		Debug|Any CPU = Debug|Any CPU
		Release|Any CPU = Release|Any CPU
	EndGlobalSection
	GlobalSection(ProjectConfigurationPlatforms) = postSolution
		{57B1E165-3D47-45FE-9822-9EA92CE81B5D}.Debug|Any CPU.ActiveCfg = Debug|Any CPU
		{57B1E165-3D47-45FE-9822-9EA92CE81B5D}.Debug|Any CPU.Build.0 = Debug|Any CPU
		{57B1E165-3D47-45FE-9822-9EA92CE81B5D}.Release|Any CPU.ActiveCfg = Release|Any CPU
		{57B1E165-3D47-45FE-9822-9EA92CE81B5D}.Release|Any CPU.Build.0 = Release|Any CPU
	EndGlobalSection
	GlobalSection(SolutionProperties) = preSolution
		HideSolutionNode = FALSE
	EndGlobalSection
	GlobalSection(ExtensibilityGlobals) = postSolution
		SolutionGuid = {34347801-B0AB-4B03-BF0B-B3B460A6BC2B}
	EndGlobalSection
EndGlobal
